// !$*UTF8*$!
{
	archiveVersion = 1;
	classes = {
	};
	objectVersion = 50;
	objects = {

/* Begin PBXBuildFile section */
		94D9FA13213856CA0090922F /* AppDelegate.swift in Sources */ = {isa = PBXBuildFile; fileRef = 94D9FA12213856CA0090922F /* AppDelegate.swift */; };
		94D9FA15213856CA0090922F /* ViewController.swift in Sources */ = {isa = PBXBuildFile; fileRef = 94D9FA14213856CA0090922F /* ViewController.swift */; };
		94D9FA18213856CA0090922F /* Main.storyboard in Resources */ = {isa = PBXBuildFile; fileRef = 94D9FA16213856CA0090922F /* Main.storyboard */; };
		94D9FA1A213856CE0090922F /* Assets.xcassets in Resources */ = {isa = PBXBuildFile; fileRef = 94D9FA19213856CE0090922F /* Assets.xcassets */; };
		94D9FA1D213856CE0090922F /* LaunchScreen.storyboard in Resources */ = {isa = PBXBuildFile; fileRef = 94D9FA1B213856CE0090922F /* LaunchScreen.storyboard */; };
		94D9FA25213857FA0090922F /* RedViewController.swift in Sources */ = {isa = PBXBuildFile; fileRef = 94D9FA24213857FA0090922F /* RedViewController.swift */; };
		94D9FA2721385B150090922F /* Animator.swift in Sources */ = {isa = PBXBuildFile; fileRef = 94D9FA2621385B150090922F /* Animator.swift */; };
/* End PBXBuildFile section */

/* Begin PBXFileReference section */
		94D9FA0F213856CA0090922F /* transition.app */ = {isa = PBXFileReference; explicitFileType = wrapper.application; includeInIndex = 0; path = transition.app; sourceTree = BUILT_PRODUCTS_DIR; };
		94D9FA12213856CA0090922F /* AppDelegate.swift */ = {isa = PBXFileReference; lastKnownFileType = sourcecode.swift; path = AppDelegate.swift; sourceTree = "<group>"; };
		94D9FA14213856CA0090922F /* ViewController.swift */ = {isa = PBXFileReference; lastKnownFileType = sourcecode.swift; path = ViewController.swift; sourceTree = "<group>"; };
		94D9FA17213856CA0090922F /* Base */ = {isa = PBXFileReference; lastKnownFileType = file.storyboard; name = Base; path = Base.lproj/Main.storyboard; sourceTree = "<group>"; };
		94D9FA19213856CE0090922F /* Assets.xcassets */ = {isa = PBXFileReference; lastKnownFileType = folder.assetcatalog; path = Assets.xcassets; sourceTree = "<group>"; };
		94D9FA1C213856CE0090922F /* Base */ = {isa = PBXFileReference; lastKnownFileType = file.storyboard; name = Base; path = Base.lproj/LaunchScreen.storyboard; sourceTree = "<group>"; };
		94D9FA1E213856CE0090922F /* Info.plist */ = {isa = PBXFileReference; lastKnownFileType = text.plist.xml; path = Info.plist; sourceTree = "<group>"; };
		94D9FA24213857FA0090922F /* RedViewController.swift */ = {isa = PBXFileReference; lastKnownFileType = sourcecode.swift; path = RedViewController.swift; sourceTree = "<group>"; };
		94D9FA2621385B150090922F /* Animator.swift */ = {isa = PBXFileReference; lastKnownFileType = sourcecode.swift; path = Animator.swift; sourceTree = "<group>"; };
/* End PBXFileReference section */

/* Begin PBXFrameworksBuildPhase section */
		94D9FA0C213856CA0090922F /* Frameworks */ = {
			isa = PBXFrameworksBuildPhase;
			buildActionMask = 2147483647;
			files = (
			);
			runOnlyForDeploymentPostprocessing = 0;
		};
/* End PBXFrameworksBuildPhase section */

/* Begin PBXGroup section */
		94D9FA06213856CA0090922F = {
			isa = PBXGroup;
			children = (
				94D9FA11213856CA0090922F /* transition */,
				94D9FA10213856CA0090922F /* Products */,
			);
			sourceTree = "<group>";
		};
		94D9FA10213856CA0090922F /* Products */ = {
			isa = PBXGroup;
			children = (
				94D9FA0F213856CA0090922F /* transition.app */,
			);
			name = Products;
			sourceTree = "<group>";
		};
		94D9FA11213856CA0090922F /* transition */ = {
			isa = PBXGroup;
			children = (
				94D9FA12213856CA0090922F /* AppDelegate.swift */,
				94D9FA14213856CA0090922F /* ViewController.swift */,
				94D9FA16213856CA0090922F /* Main.storyboard */,
				94D9FA2621385B150090922F /* Animator.swift */,
				94D9FA24213857FA0090922F /* RedViewController.swift */,
				94D9FA19213856CE0090922F /* Assets.xcassets */,
				94D9FA1B213856CE0090922F /* LaunchScreen.storyboard */,
				94D9FA1E213856CE0090922F /* Info.plist */,
			);
			path = transition;
			sourceTree = "<group>";
		};
/* End PBXGroup section */

/* Begin PBXNativeTarget section */
		94D9FA0E213856CA0090922F /* transition */ = {
			isa = PBXNativeTarget;
			buildConfigurationList = 94D9FA21213856CE0090922F /* Build configuration list for PBXNativeTarget "transition" */;
			buildPhases = (
				94D9FA0B213856CA0090922F /* Sources */,
				94D9FA0C213856CA0090922F /* Frameworks */,
				94D9FA0D213856CA0090922F /* Resources */,
			);
			buildRules = (
			);
			dependencies = (
			);
			name = transition;
			productName = transition;
			productReference = 94D9FA0F213856CA0090922F /* transition.app */;
			productType = "com.apple.product-type.application";
		};
/* End PBXNativeTarget section */

/* Begin PBXProject section */
		94D9FA07213856CA0090922F /* Project object */ = {
			isa = PBXProject;
			attributes = {
				LastSwiftUpdateCheck = 0940;
				LastUpgradeCheck = 0940;
				ORGANIZATIONNAME = "Iyin Raphael";
				TargetAttributes = {
					94D9FA0E213856CA0090922F = {
						CreatedOnToolsVersion = 9.4.1;
					};
				};
			};
			buildConfigurationList = 94D9FA0A213856CA0090922F /* Build configuration list for PBXProject "transition" */;
			compatibilityVersion = "Xcode 9.3";
			developmentRegion = en;
			hasScannedForEncodings = 0;
			knownRegions = (
				en,
				Base,
			);
			mainGroup = 94D9FA06213856CA0090922F;
			productRefGroup = 94D9FA10213856CA0090922F /* Products */;
			projectDirPath = "";
			projectRoot = "";
			targets = (
				94D9FA0E213856CA0090922F /* transition */,
			);
		};
/* End PBXProject section */

/* Begin PBXResourcesBuildPhase section */
		94D9FA0D213856CA0090922F /* Resources */ = {
			isa = PBXResourcesBuildPhase;
			buildActionMask = 2147483647;
			files = (
				94D9FA1D213856CE0090922F /* LaunchScreen.storyboard in Resources */,
				94D9FA1A213856CE0090922F /* Assets.xcassets in Resources */,
				94D9FA18213856CA0090922F /* Main.storyboard in Resources */,
			);
			runOnlyForDeploymentPostprocessing = 0;
		};
/* End PBXResourcesBuildPhase section */

/* Begin PBXSourcesBuildPhase section */
		94D9FA0B213856CA0090922F /* Sources */ = {
			isa = PBXSourcesBuildPhase;
			buildActionMask = 2147483647;
			files = (
				94D9FA2721385B150090922F /* Animator.swift in Sources */,
				94D9FA15213856CA0090922F /* ViewController.swift in Sources */,
				94D9FA25213857FA0090922F /* RedViewController.swift in Sources */,
				94D9FA13213856CA0090922F /* AppDelegate.swift in Sources */,
			);
			runOnlyForDeploymentPostprocessing = 0;
		};
/* End PBXSourcesBuildPhase section */

/* Begin PBXVariantGroup section */
		94D9FA16213856CA0090922F /* Main.storyboard */ = {
			isa = PBXVariantGroup;
			children = (
				94D9FA17213856CA0090922F /* Base */,
			);
			name = Main.storyboard;
			sourceTree = "<group>";
		};
		94D9FA1B213856CE0090922F /* LaunchScreen.storyboard */ = {
			isa = PBXVariantGroup;
			children = (
				94D9FA1C213856CE0090922F /* Base */,
			);
			name = LaunchScreen.storyboard;
			sourceTree = "<group>";
		};
/* End PBXVariantGroup section */

/* Begin XCBuildConfiguration section */
		94D9FA1F213856CE0090922F /* Debug */ = {
			isa = XCBuildConfiguration;
			buildSettings = {
				ALWAYS_SEARCH_USER_PATHS = NO;
				CLANG_ANALYZER_NONNULL = YES;
				CLANG_ANALYZER_NUMBER_OBJECT_CONVERSION = YES_AGGRESSIVE;
				CLANG_CXX_LANGUAGE_STANDARD = "gnu++14";
				CLANG_CXX_LIBRARY = "libc++";
				CLANG_ENABLE_MODULES = YES;
				CLANG_ENABLE_OBJC_ARC = YES;
				CLANG_ENABLE_OBJC_WEAK = YES;
				CLANG_WARN_BLOCK_CAPTURE_AUTORELEASING = YES;
				CLANG_WARN_BOOL_CONVERSION = YES;
				CLANG_WARN_COMMA = YES;
				CLANG_WARN_CONSTANT_CONVERSION = YES;
				CLANG_WARN_DEPRECATED_OBJC_IMPLEMENTATIONS = YES;
				CLANG_WARN_DIRECT_OBJC_ISA_USAGE = YES_ERROR;
				CLANG_WARN_DOCUMENTATION_COMMENTS = YES;
				CLANG_WARN_EMPTY_BODY = YES;
				CLANG_WARN_ENUM_CONVERSION = YES;
				CLANG_WARN_INFINITE_RECURSION = YES;
				CLANG_WARN_INT_CONVERSION = YES;
				CLANG_WARN_NON_LITERAL_NULL_CONVERSION = YES;
				CLANG_WARN_OBJC_IMPLICIT_RETAIN_SELF = YES;
				CLANG_WARN_OBJC_LITERAL_CONVERSION = YES;
				CLANG_WARN_OBJC_ROOT_CLASS = YES_ERROR;
				CLANG_WARN_RANGE_LOOP_ANALYSIS = YES;
				CLANG_WARN_STRICT_PROTOTYPES = YES;
				CLANG_WARN_SUSPICIOUS_MOVE = YES;
				CLANG_WARN_UNGUARDED_AVAILABILITY = YES_AGGRESSIVE;
				CLANG_WARN_UNREACHABLE_CODE = YES;
				CLANG_WARN__DUPLICATE_METHOD_MATCH = YES;
				CODE_SIGN_IDENTITY = "iPhone Developer";
				COPY_PHASE_STRIP = NO;
				DEBUG_INFORMATION_FORMAT = dwarf;
				ENABLE_STRICT_OBJC_MSGSEND = YES;
				ENABLE_TESTABILITY = YES;
				GCC_C_LANGUAGE_STANDARD = gnu11;
				GCC_DYNAMIC_NO_PIC = NO;
				GCC_NO_COMMON_BLOCKS = YES;
				GCC_OPTIMIZATION_LEVEL = 0;
				GCC_PREPROCESSOR_DEFINITIONS = (
					"DEBUG=1",
					"$(inherited)",
				);
				GCC_WARN_64_TO_32_BIT_CONVERSION = YES;
				GCC_WARN_ABOUT_RETURN_TYPE = YES_ERROR;
				GCC_WARN_UNDECLARED_SELECTOR = YES;
				GCC_WARN_UNINITIALIZED_AUTOS = YES_AGGRESSIVE;
				GCC_WARN_UNUSED_FUNCTION = YES;
				GCC_WARN_UNUSED_VARIABLE = YES;
				IPHONEOS_DEPLOYMENT_TARGET = 11.4;
				MTL_ENABLE_DEBUG_INFO = YES;
				ONLY_ACTIVE_ARCH = YES;
				SDKROOT = iphoneos;
				SWIFT_ACTIVE_COMPILATION_CONDITIONS = DEBUG;
				SWIFT_OPTIMIZATION_LEVEL = "-Onone";
			};
			name = Debug;
		};
		94D9FA20213856CE0090922F /* Release */ = {
			isa = XCBuildConfiguration;
			buildSettings = {
				ALWAYS_SEARCH_USER_PATHS = NO;
				CLANG_ANALYZER_NONNULL = YES;
				CLANG_ANALYZER_NUMBER_OBJECT_CONVERSION = YES_AGGRESSIVE;
				CLANG_CXX_LANGUAGE_STANDARD = "gnu++14";
				CLANG_CXX_LIBRARY = "libc++";
				CLANG_ENABLE_MODULES = YES;
				CLANG_ENABLE_OBJC_ARC = YES;
				CLANG_ENABLE_OBJC_WEAK = YES;
				CLANG_WARN_BLOCK_CAPTURE_AUTORELEASING = YES;
				CLANG_WARN_BOOL_CONVERSION = YES;
				CLANG_WARN_COMMA = YES;
				CLANG_WARN_CONSTANT_CONVERSION = YES;
				CLANG_WARN_DEPRECATED_OBJC_IMPLEMENTATIONS = YES;
				CLANG_WARN_DIRECT_OBJC_ISA_USAGE = YES_ERROR;
				CLANG_WARN_DOCUMENTATION_COMMENTS = YES;
				CLANG_WARN_EMPTY_BODY = YES;
				CLANG_WARN_ENUM_CONVERSION = YES;
				CLANG_WARN_INFINITE_RECURSION = YES;
				CLANG_WARN_INT_CONVERSION = YES;
				CLANG_WARN_NON_LITERAL_NULL_CONVERSION = YES;
				CLANG_WARN_OBJC_IMPLICIT_RETAIN_SELF = YES;
				CLANG_WARN_OBJC_LITERAL_CONVERSION = YES;
				CLANG_WARN_OBJC_ROOT_CLASS = YES_ERROR;
				CLANG_WARN_RANGE_LOOP_ANALYSIS = YES;
				CLANG_WARN_STRICT_PROTOTYPES = YES;
				CLANG_WARN_SUSPICIOUS_MOVE = YES;
				CLANG_WARN_UNGUARDED_AVAILABILITY = YES_AGGRESSIVE;
				CLANG_WARN_UNREACHABLE_CODE = YES;
				CLANG_WARN__DUPLICATE_METHOD_MATCH = YES;
				CODE_SIGN_IDENTITY = "iPhone Developer";
				COPY_PHASE_STRIP = NO;
				DEBUG_INFORMATION_FORMAT = "dwarf-with-dsym";
				ENABLE_NS_ASSERTIONS = NO;
				ENABLE_STRICT_OBJC_MSGSEND = YES;
				GCC_C_LANGUAGE_STANDARD = gnu11;
				GCC_NO_COMMON_BLOCKS = YES;
				GCC_WARN_64_TO_32_BIT_CONVERSION = YES;
				GCC_WARN_ABOUT_RETURN_TYPE = YES_ERROR;
				GCC_WARN_UNDECLARED_SELECTOR = YES;
				GCC_WARN_UNINITIALIZED_AUTOS = YES_AGGRESSIVE;
				GCC_WARN_UNUSED_FUNCTION = YES;
				GCC_WARN_UNUSED_VARIABLE = YES;
				IPHONEOS_DEPLOYMENT_TARGET = 11.4;
				MTL_ENABLE_DEBUG_INFO = NO;
				SDKROOT = iphoneos;
				SWIFT_COMPILATION_MODE = wholemodule;
				SWIFT_OPTIMIZATION_LEVEL = "-O";
				VALIDATE_PRODUCT = YES;
			};
			name = Release;
		};
		94D9FA22213856CE0090922F /* Debug */ = {
			isa = XCBuildConfiguration;
			buildSettings = {
				ASSETCATALOG_COMPILER_APPICON_NAME = AppIcon;
				CODE_SIGN_STYLE = Automatic;
				INFOPLIST_FILE = transition/Info.plist;
				LD_RUNPATH_SEARCH_PATHS = (
					"$(inherited)",
					"@executable_path/Frameworks",
				);
				PRODUCT_BUNDLE_IDENTIFIER = iyin.transition;
				PRODUCT_NAME = "$(TARGET_NAME)";
				SWIFT_VERSION = 4.0;
				TARGETED_DEVICE_FAMILY = "1,2";
			};
			name = Debug;
		};
		94D9FA23213856CE0090922F /* Release */ = {
			isa = XCBuildConfiguration;
			buildSettings = {
				ASSETCATALOG_COMPILER_APPICON_NAME = AppIcon;
				CODE_SIGN_STYLE = Automatic;
				INFOPLIST_FILE = transition/Info.plist;
				LD_RUNPATH_SEARCH_PATHS = (
					"$(inherited)",
					"@executable_path/Frameworks",
				);
				PRODUCT_BUNDLE_IDENTIFIER = iyin.transition;
				PRODUCT_NAME = "$(TARGET_NAME)";
				SWIFT_VERSION = 4.0;
				TARGETED_DEVICE_FAMILY = "1,2";
			};
			name = Release;
		};
/* End XCBuildConfiguration section */

/* Begin XCConfigurationList section */
		94D9FA0A213856CA0090922F /* Build configuration list for PBXProject "transition" */ = {
			isa = XCConfigurationList;
			buildConfigurations = (
				94D9FA1F213856CE0090922F /* Debug */,
				94D9FA20213856CE0090922F /* Release */,
			);
			defaultConfigurationIsVisible = 0;
			defaultConfigurationName = Release;
		};
		94D9FA21213856CE0090922F /* Build configuration list for PBXNativeTarget "transition" */ = {
			isa = XCConfigurationList;
			buildConfigurations = (
				94D9FA22213856CE0090922F /* Debug */,
				94D9FA23213856CE0090922F /* Release */,
			);
			defaultConfigurationIsVisible = 0;
			defaultConfigurationName = Release;
		};
/* End XCConfigurationList section */
	};
	rootObject = 94D9FA07213856CA0090922F /* Project object */;
}
