// !$*UTF8*$!
{
	archiveVersion = 1;
	classes = {
	};
	objectVersion = 50;
	objects = {

/* Begin PBXBuildFile section */
		947E41E9212337CB0041C739 /* AppDelegate.swift in Sources */ = {isa = PBXBuildFile; fileRef = 947E41E8212337CB0041C739 /* AppDelegate.swift */; };
		947E41EE212337CB0041C739 /* Main.storyboard in Resources */ = {isa = PBXBuildFile; fileRef = 947E41EC212337CB0041C739 /* Main.storyboard */; };
		947E41F0212337FE0041C739 /* Assets.xcassets in Resources */ = {isa = PBXBuildFile; fileRef = 947E41EF212337FE0041C739 /* Assets.xcassets */; };
		947E41F3212337FE0041C739 /* LaunchScreen.storyboard in Resources */ = {isa = PBXBuildFile; fileRef = 947E41F1212337FE0041C739 /* LaunchScreen.storyboard */; };
		947E41FB21233A810041C739 /* SearchTableViewController.swift in Sources */ = {isa = PBXBuildFile; fileRef = 947E41FA21233A810041C739 /* SearchTableViewController.swift */; };
		947E41FD21233AA40041C739 /* StarWarsTableViewCell.swift in Sources */ = {isa = PBXBuildFile; fileRef = 947E41FC21233AA40041C739 /* StarWarsTableViewCell.swift */; };
		947E420121233C240041C739 /* Pesron.swift in Sources */ = {isa = PBXBuildFile; fileRef = 947E420021233C240041C739 /* Pesron.swift */; };
		947E4204212340240041C739 /* PersonController.swift in Sources */ = {isa = PBXBuildFile; fileRef = 947E4203212340240041C739 /* PersonController.swift */; };
/* End PBXBuildFile section */

/* Begin PBXFileReference section */
		947E41E5212337CB0041C739 /* StarWarsAPI.app */ = {isa = PBXFileReference; explicitFileType = wrapper.application; includeInIndex = 0; path = StarWarsAPI.app; sourceTree = BUILT_PRODUCTS_DIR; };
		947E41E8212337CB0041C739 /* AppDelegate.swift */ = {isa = PBXFileReference; lastKnownFileType = sourcecode.swift; path = AppDelegate.swift; sourceTree = "<group>"; };
		947E41ED212337CB0041C739 /* Base */ = {isa = PBXFileReference; lastKnownFileType = file.storyboard; name = Base; path = Base.lproj/Main.storyboard; sourceTree = "<group>"; };
		947E41EF212337FE0041C739 /* Assets.xcassets */ = {isa = PBXFileReference; lastKnownFileType = folder.assetcatalog; path = Assets.xcassets; sourceTree = "<group>"; };
		947E41F2212337FE0041C739 /* Base */ = {isa = PBXFileReference; lastKnownFileType = file.storyboard; name = Base; path = Base.lproj/LaunchScreen.storyboard; sourceTree = "<group>"; };
		947E41F4212337FE0041C739 /* Info.plist */ = {isa = PBXFileReference; lastKnownFileType = text.plist.xml; path = Info.plist; sourceTree = "<group>"; };
		947E41FA21233A810041C739 /* SearchTableViewController.swift */ = {isa = PBXFileReference; lastKnownFileType = sourcecode.swift; path = SearchTableViewController.swift; sourceTree = "<group>"; };
		947E41FC21233AA40041C739 /* StarWarsTableViewCell.swift */ = {isa = PBXFileReference; lastKnownFileType = sourcecode.swift; path = StarWarsTableViewCell.swift; sourceTree = "<group>"; };
		947E420021233C240041C739 /* Pesron.swift */ = {isa = PBXFileReference; lastKnownFileType = sourcecode.swift; path = Pesron.swift; sourceTree = "<group>"; };
		947E4203212340240041C739 /* PersonController.swift */ = {isa = PBXFileReference; lastKnownFileType = sourcecode.swift; path = PersonController.swift; sourceTree = "<group>"; };
/* End PBXFileReference section */

/* Begin PBXFrameworksBuildPhase section */
		947E41E2212337CB0041C739 /* Frameworks */ = {
			isa = PBXFrameworksBuildPhase;
			buildActionMask = 2147483647;
			files = (
			);
			runOnlyForDeploymentPostprocessing = 0;
		};
/* End PBXFrameworksBuildPhase section */

/* Begin PBXGroup section */
		947E41DC212337CB0041C739 = {
			isa = PBXGroup;
			children = (
				947E41E7212337CB0041C739 /* StarWarsAPI */,
				947E41E6212337CB0041C739 /* Products */,
			);
			sourceTree = "<group>";
		};
		947E41E6212337CB0041C739 /* Products */ = {
			isa = PBXGroup;
			children = (
				947E41E5212337CB0041C739 /* StarWarsAPI.app */,
			);
			name = Products;
			sourceTree = "<group>";
		};
		947E41E7212337CB0041C739 /* StarWarsAPI */ = {
			isa = PBXGroup;
			children = (
				947E4202212340080041C739 /* Model Controller */,
				947E41FF21233C040041C739 /* Model */,
				947E41FE21233AB10041C739 /* View Controller */,
				947E41E8212337CB0041C739 /* AppDelegate.swift */,
				947E41EC212337CB0041C739 /* Main.storyboard */,
				947E41EF212337FE0041C739 /* Assets.xcassets */,
				947E41F1212337FE0041C739 /* LaunchScreen.storyboard */,
				947E41F4212337FE0041C739 /* Info.plist */,
			);
			path = StarWarsAPI;
			sourceTree = "<group>";
		};
		947E41FE21233AB10041C739 /* View Controller */ = {
			isa = PBXGroup;
			children = (
				947E41FA21233A810041C739 /* SearchTableViewController.swift */,
				947E41FC21233AA40041C739 /* StarWarsTableViewCell.swift */,
			);
			path = "View Controller";
			sourceTree = "<group>";
		};
		947E41FF21233C040041C739 /* Model */ = {
			isa = PBXGroup;
			children = (
				947E420021233C240041C739 /* Pesron.swift */,
			);
			path = Model;
			sourceTree = "<group>";
		};
		947E4202212340080041C739 /* Model Controller */ = {
			isa = PBXGroup;
			children = (
				947E4203212340240041C739 /* PersonController.swift */,
			);
			path = "Model Controller";
			sourceTree = "<group>";
		};
/* End PBXGroup section */

/* Begin PBXNativeTarget section */
		947E41E4212337CB0041C739 /* StarWarsAPI */ = {
			isa = PBXNativeTarget;
			buildConfigurationList = 947E41F7212337FE0041C739 /* Build configuration list for PBXNativeTarget "StarWarsAPI" */;
			buildPhases = (
				947E41E1212337CB0041C739 /* Sources */,
				947E41E2212337CB0041C739 /* Frameworks */,
				947E41E3212337CB0041C739 /* Resources */,
			);
			buildRules = (
			);
			dependencies = (
			);
			name = StarWarsAPI;
			productName = StarWarsAPI;
			productReference = 947E41E5212337CB0041C739 /* StarWarsAPI.app */;
			productType = "com.apple.product-type.application";
		};
/* End PBXNativeTarget section */

/* Begin PBXProject section */
		947E41DD212337CB0041C739 /* Project object */ = {
			isa = PBXProject;
			attributes = {
				LastSwiftUpdateCheck = 0940;
				LastUpgradeCheck = 0940;
				ORGANIZATIONNAME = "Iyin Raphael";
				TargetAttributes = {
					947E41E4212337CB0041C739 = {
						CreatedOnToolsVersion = 9.4.1;
					};
				};
			};
			buildConfigurationList = 947E41E0212337CB0041C739 /* Build configuration list for PBXProject "StarWarsAPI" */;
			compatibilityVersion = "Xcode 9.3";
			developmentRegion = en;
			hasScannedForEncodings = 0;
			knownRegions = (
				en,
				Base,
			);
			mainGroup = 947E41DC212337CB0041C739;
			productRefGroup = 947E41E6212337CB0041C739 /* Products */;
			projectDirPath = "";
			projectRoot = "";
			targets = (
				947E41E4212337CB0041C739 /* StarWarsAPI */,
			);
		};
/* End PBXProject section */

/* Begin PBXResourcesBuildPhase section */
		947E41E3212337CB0041C739 /* Resources */ = {
			isa = PBXResourcesBuildPhase;
			buildActionMask = 2147483647;
			files = (
				947E41F3212337FE0041C739 /* LaunchScreen.storyboard in Resources */,
				947E41F0212337FE0041C739 /* Assets.xcassets in Resources */,
				947E41EE212337CB0041C739 /* Main.storyboard in Resources */,
			);
			runOnlyForDeploymentPostprocessing = 0;
		};
/* End PBXResourcesBuildPhase section */

/* Begin PBXSourcesBuildPhase section */
		947E41E1212337CB0041C739 /* Sources */ = {
			isa = PBXSourcesBuildPhase;
			buildActionMask = 2147483647;
			files = (
				947E41FD21233AA40041C739 /* StarWarsTableViewCell.swift in Sources */,
				947E41FB21233A810041C739 /* SearchTableViewController.swift in Sources */,
				947E420121233C240041C739 /* Pesron.swift in Sources */,
				947E4204212340240041C739 /* PersonController.swift in Sources */,
				947E41E9212337CB0041C739 /* AppDelegate.swift in Sources */,
			);
			runOnlyForDeploymentPostprocessing = 0;
		};
/* End PBXSourcesBuildPhase section */

/* Begin PBXVariantGroup section */
		947E41EC212337CB0041C739 /* Main.storyboard */ = {
			isa = PBXVariantGroup;
			children = (
				947E41ED212337CB0041C739 /* Base */,
			);
			name = Main.storyboard;
			sourceTree = "<group>";
		};
		947E41F1212337FE0041C739 /* LaunchScreen.storyboard */ = {
			isa = PBXVariantGroup;
			children = (
				947E41F2212337FE0041C739 /* Base */,
			);
			name = LaunchScreen.storyboard;
			sourceTree = "<group>";
		};
/* End PBXVariantGroup section */

/* Begin XCBuildConfiguration section */
		947E41F5212337FE0041C739 /* Debug */ = {
			isa = XCBuildConfiguration;
			buildSettings = {
				ALWAYS_SEARCH_USER_PATHS = NO;
				CLANG_ANALYZER_NONNULL = YES;
				CLANG_ANALYZER_NUMBER_OBJECT_CONVERSION = YES_AGGRESSIVE;
				CLANG_CXX_LANGUAGE_STANDARD = "gnu++14";
				CLANG_CXX_LIBRARY = "libc++";
				CLANG_ENABLE_MODULES = YES;
				CLANG_ENABLE_OBJC_ARC = YES;
				CLANG_ENABLE_OBJC_WEAK = YES;
				CLANG_WARN_BLOCK_CAPTURE_AUTORELEASING = YES;
				CLANG_WARN_BOOL_CONVERSION = YES;
				CLANG_WARN_COMMA = YES;
				CLANG_WARN_CONSTANT_CONVERSION = YES;
				CLANG_WARN_DEPRECATED_OBJC_IMPLEMENTATIONS = YES;
				CLANG_WARN_DIRECT_OBJC_ISA_USAGE = YES_ERROR;
				CLANG_WARN_DOCUMENTATION_COMMENTS = YES;
				CLANG_WARN_EMPTY_BODY = YES;
				CLANG_WARN_ENUM_CONVERSION = YES;
				CLANG_WARN_INFINITE_RECURSION = YES;
				CLANG_WARN_INT_CONVERSION = YES;
				CLANG_WARN_NON_LITERAL_NULL_CONVERSION = YES;
				CLANG_WARN_OBJC_IMPLICIT_RETAIN_SELF = YES;
				CLANG_WARN_OBJC_LITERAL_CONVERSION = YES;
				CLANG_WARN_OBJC_ROOT_CLASS = YES_ERROR;
				CLANG_WARN_RANGE_LOOP_ANALYSIS = YES;
				CLANG_WARN_STRICT_PROTOTYPES = YES;
				CLANG_WARN_SUSPICIOUS_MOVE = YES;
				CLANG_WARN_UNGUARDED_AVAILABILITY = YES_AGGRESSIVE;
				CLANG_WARN_UNREACHABLE_CODE = YES;
				CLANG_WARN__DUPLICATE_METHOD_MATCH = YES;
				CODE_SIGN_IDENTITY = "iPhone Developer";
				COPY_PHASE_STRIP = NO;
				DEBUG_INFORMATION_FORMAT = dwarf;
				ENABLE_STRICT_OBJC_MSGSEND = YES;
				ENABLE_TESTABILITY = YES;
				GCC_C_LANGUAGE_STANDARD = gnu11;
				GCC_DYNAMIC_NO_PIC = NO;
				GCC_NO_COMMON_BLOCKS = YES;
				GCC_OPTIMIZATION_LEVEL = 0;
				GCC_PREPROCESSOR_DEFINITIONS = (
					"DEBUG=1",
					"$(inherited)",
				);
				GCC_WARN_64_TO_32_BIT_CONVERSION = YES;
				GCC_WARN_ABOUT_RETURN_TYPE = YES_ERROR;
				GCC_WARN_UNDECLARED_SELECTOR = YES;
				GCC_WARN_UNINITIALIZED_AUTOS = YES_AGGRESSIVE;
				GCC_WARN_UNUSED_FUNCTION = YES;
				GCC_WARN_UNUSED_VARIABLE = YES;
				IPHONEOS_DEPLOYMENT_TARGET = 11.4;
				MTL_ENABLE_DEBUG_INFO = YES;
				ONLY_ACTIVE_ARCH = YES;
				SDKROOT = iphoneos;
				SWIFT_ACTIVE_COMPILATION_CONDITIONS = DEBUG;
				SWIFT_OPTIMIZATION_LEVEL = "-Onone";
			};
			name = Debug;
		};
		947E41F6212337FE0041C739 /* Release */ = {
			isa = XCBuildConfiguration;
			buildSettings = {
				ALWAYS_SEARCH_USER_PATHS = NO;
				CLANG_ANALYZER_NONNULL = YES;
				CLANG_ANALYZER_NUMBER_OBJECT_CONVERSION = YES_AGGRESSIVE;
				CLANG_CXX_LANGUAGE_STANDARD = "gnu++14";
				CLANG_CXX_LIBRARY = "libc++";
				CLANG_ENABLE_MODULES = YES;
				CLANG_ENABLE_OBJC_ARC = YES;
				CLANG_ENABLE_OBJC_WEAK = YES;
				CLANG_WARN_BLOCK_CAPTURE_AUTORELEASING = YES;
				CLANG_WARN_BOOL_CONVERSION = YES;
				CLANG_WARN_COMMA = YES;
				CLANG_WARN_CONSTANT_CONVERSION = YES;
				CLANG_WARN_DEPRECATED_OBJC_IMPLEMENTATIONS = YES;
				CLANG_WARN_DIRECT_OBJC_ISA_USAGE = YES_ERROR;
				CLANG_WARN_DOCUMENTATION_COMMENTS = YES;
				CLANG_WARN_EMPTY_BODY = YES;
				CLANG_WARN_ENUM_CONVERSION = YES;
				CLANG_WARN_INFINITE_RECURSION = YES;
				CLANG_WARN_INT_CONVERSION = YES;
				CLANG_WARN_NON_LITERAL_NULL_CONVERSION = YES;
				CLANG_WARN_OBJC_IMPLICIT_RETAIN_SELF = YES;
				CLANG_WARN_OBJC_LITERAL_CONVERSION = YES;
				CLANG_WARN_OBJC_ROOT_CLASS = YES_ERROR;
				CLANG_WARN_RANGE_LOOP_ANALYSIS = YES;
				CLANG_WARN_STRICT_PROTOTYPES = YES;
				CLANG_WARN_SUSPICIOUS_MOVE = YES;
				CLANG_WARN_UNGUARDED_AVAILABILITY = YES_AGGRESSIVE;
				CLANG_WARN_UNREACHABLE_CODE = YES;
				CLANG_WARN__DUPLICATE_METHOD_MATCH = YES;
				CODE_SIGN_IDENTITY = "iPhone Developer";
				COPY_PHASE_STRIP = NO;
				DEBUG_INFORMATION_FORMAT = "dwarf-with-dsym";
				ENABLE_NS_ASSERTIONS = NO;
				ENABLE_STRICT_OBJC_MSGSEND = YES;
				GCC_C_LANGUAGE_STANDARD = gnu11;
				GCC_NO_COMMON_BLOCKS = YES;
				GCC_WARN_64_TO_32_BIT_CONVERSION = YES;
				GCC_WARN_ABOUT_RETURN_TYPE = YES_ERROR;
				GCC_WARN_UNDECLARED_SELECTOR = YES;
				GCC_WARN_UNINITIALIZED_AUTOS = YES_AGGRESSIVE;
				GCC_WARN_UNUSED_FUNCTION = YES;
				GCC_WARN_UNUSED_VARIABLE = YES;
				IPHONEOS_DEPLOYMENT_TARGET = 11.4;
				MTL_ENABLE_DEBUG_INFO = NO;
				SDKROOT = iphoneos;
				SWIFT_COMPILATION_MODE = wholemodule;
				SWIFT_OPTIMIZATION_LEVEL = "-O";
				VALIDATE_PRODUCT = YES;
			};
			name = Release;
		};
		947E41F8212337FE0041C739 /* Debug */ = {
			isa = XCBuildConfiguration;
			buildSettings = {
				ASSETCATALOG_COMPILER_APPICON_NAME = AppIcon;
				CODE_SIGN_STYLE = Automatic;
				INFOPLIST_FILE = StarWarsAPI/Info.plist;
				LD_RUNPATH_SEARCH_PATHS = (
					"$(inherited)",
					"@executable_path/Frameworks",
				);
				PRODUCT_BUNDLE_IDENTIFIER = iyin.StarWarsAPI;
				PRODUCT_NAME = "$(TARGET_NAME)";
				SWIFT_VERSION = 4.0;
				TARGETED_DEVICE_FAMILY = "1,2";
			};
			name = Debug;
		};
		947E41F9212337FE0041C739 /* Release */ = {
			isa = XCBuildConfiguration;
			buildSettings = {
				ASSETCATALOG_COMPILER_APPICON_NAME = AppIcon;
				CODE_SIGN_STYLE = Automatic;
				INFOPLIST_FILE = StarWarsAPI/Info.plist;
				LD_RUNPATH_SEARCH_PATHS = (
					"$(inherited)",
					"@executable_path/Frameworks",
				);
				PRODUCT_BUNDLE_IDENTIFIER = iyin.StarWarsAPI;
				PRODUCT_NAME = "$(TARGET_NAME)";
				SWIFT_VERSION = 4.0;
				TARGETED_DEVICE_FAMILY = "1,2";
			};
			name = Release;
		};
/* End XCBuildConfiguration section */

/* Begin XCConfigurationList section */
		947E41E0212337CB0041C739 /* Build configuration list for PBXProject "StarWarsAPI" */ = {
			isa = XCConfigurationList;
			buildConfigurations = (
				947E41F5212337FE0041C739 /* Debug */,
				947E41F6212337FE0041C739 /* Release */,
			);
			defaultConfigurationIsVisible = 0;
			defaultConfigurationName = Release;
		};
		947E41F7212337FE0041C739 /* Build configuration list for PBXNativeTarget "StarWarsAPI" */ = {
			isa = XCConfigurationList;
			buildConfigurations = (
				947E41F8212337FE0041C739 /* Debug */,
				947E41F9212337FE0041C739 /* Release */,
			);
			defaultConfigurationIsVisible = 0;
			defaultConfigurationName = Release;
		};
/* End XCConfigurationList section */
	};
	rootObject = 947E41DD212337CB0041C739 /* Project object */;
}
