// !$*UTF8*$!
{
	archiveVersion = 1;
	classes = {
	};
	objectVersion = 50;
	objects = {

/* Begin PBXBuildFile section */
		9F1DA1FD212B225700651492 /* AppDelegate.swift in Sources */ = {isa = PBXBuildFile; fileRef = 9F1DA1FC212B225700651492 /* AppDelegate.swift */; };
		9F1DA202212B225800651492 /* Main.storyboard in Resources */ = {isa = PBXBuildFile; fileRef = 9F1DA200212B225800651492 /* Main.storyboard */; };
		9F1DA204212B225A00651492 /* Assets.xcassets in Resources */ = {isa = PBXBuildFile; fileRef = 9F1DA203212B225A00651492 /* Assets.xcassets */; };
		9F1DA207212B225A00651492 /* LaunchScreen.storyboard in Resources */ = {isa = PBXBuildFile; fileRef = 9F1DA205212B225A00651492 /* LaunchScreen.storyboard */; };
		9F1DA212212B225A00651492 /* TasksTests.swift in Sources */ = {isa = PBXBuildFile; fileRef = 9F1DA211212B225A00651492 /* TasksTests.swift */; };
		9F1DA21D212B225B00651492 /* TasksUITests.swift in Sources */ = {isa = PBXBuildFile; fileRef = 9F1DA21C212B225B00651492 /* TasksUITests.swift */; };
		9F1DA22F212B260600651492 /* TaskTableViewController.swift in Sources */ = {isa = PBXBuildFile; fileRef = 9F1DA22E212B260600651492 /* TaskTableViewController.swift */; };
		9F1DA231212B263F00651492 /* TaskDetailViewController.swift in Sources */ = {isa = PBXBuildFile; fileRef = 9F1DA230212B263F00651492 /* TaskDetailViewController.swift */; };
		9F1DA233212B269000651492 /* TaskController.swift in Sources */ = {isa = PBXBuildFile; fileRef = 9F1DA232212B269000651492 /* TaskController.swift */; };
		9F1DA236212B26E700651492 /* Tasks.xcdatamodeld in Sources */ = {isa = PBXBuildFile; fileRef = 9F1DA234212B26E700651492 /* Tasks.xcdatamodeld */; };
		9F1DA238212B28E600651492 /* CoreDataStack.swift in Sources */ = {isa = PBXBuildFile; fileRef = 9F1DA237212B28E600651492 /* CoreDataStack.swift */; };
		9F1DA23A212B32F100651492 /* Task+Convenience.swift in Sources */ = {isa = PBXBuildFile; fileRef = 9F1DA239212B32F100651492 /* Task+Convenience.swift */; };
/* End PBXBuildFile section */

/* Begin PBXContainerItemProxy section */
		9F1DA20E212B225A00651492 /* PBXContainerItemProxy */ = {
			isa = PBXContainerItemProxy;
			containerPortal = 9F1DA1F1212B225700651492 /* Project object */;
			proxyType = 1;
			remoteGlobalIDString = 9F1DA1F8212B225700651492;
			remoteInfo = Tasks;
		};
		9F1DA219212B225B00651492 /* PBXContainerItemProxy */ = {
			isa = PBXContainerItemProxy;
			containerPortal = 9F1DA1F1212B225700651492 /* Project object */;
			proxyType = 1;
			remoteGlobalIDString = 9F1DA1F8212B225700651492;
			remoteInfo = Tasks;
		};
/* End PBXContainerItemProxy section */

/* Begin PBXFileReference section */
		9F1DA1F9212B225700651492 /* Tasks.app */ = {isa = PBXFileReference; explicitFileType = wrapper.application; includeInIndex = 0; path = Tasks.app; sourceTree = BUILT_PRODUCTS_DIR; };
		9F1DA1FC212B225700651492 /* AppDelegate.swift */ = {isa = PBXFileReference; lastKnownFileType = sourcecode.swift; path = AppDelegate.swift; sourceTree = "<group>"; };
		9F1DA201212B225800651492 /* Base */ = {isa = PBXFileReference; lastKnownFileType = file.storyboard; name = Base; path = Base.lproj/Main.storyboard; sourceTree = "<group>"; };
		9F1DA203212B225A00651492 /* Assets.xcassets */ = {isa = PBXFileReference; lastKnownFileType = folder.assetcatalog; path = Assets.xcassets; sourceTree = "<group>"; };
		9F1DA206212B225A00651492 /* Base */ = {isa = PBXFileReference; lastKnownFileType = file.storyboard; name = Base; path = Base.lproj/LaunchScreen.storyboard; sourceTree = "<group>"; };
		9F1DA208212B225A00651492 /* Info.plist */ = {isa = PBXFileReference; lastKnownFileType = text.plist.xml; path = Info.plist; sourceTree = "<group>"; };
		9F1DA20D212B225A00651492 /* TasksTests.xctest */ = {isa = PBXFileReference; explicitFileType = wrapper.cfbundle; includeInIndex = 0; path = TasksTests.xctest; sourceTree = BUILT_PRODUCTS_DIR; };
		9F1DA211212B225A00651492 /* TasksTests.swift */ = {isa = PBXFileReference; lastKnownFileType = sourcecode.swift; path = TasksTests.swift; sourceTree = "<group>"; };
		9F1DA213212B225A00651492 /* Info.plist */ = {isa = PBXFileReference; lastKnownFileType = text.plist.xml; path = Info.plist; sourceTree = "<group>"; };
		9F1DA218212B225A00651492 /* TasksUITests.xctest */ = {isa = PBXFileReference; explicitFileType = wrapper.cfbundle; includeInIndex = 0; path = TasksUITests.xctest; sourceTree = BUILT_PRODUCTS_DIR; };
		9F1DA21C212B225B00651492 /* TasksUITests.swift */ = {isa = PBXFileReference; lastKnownFileType = sourcecode.swift; path = TasksUITests.swift; sourceTree = "<group>"; };
		9F1DA21E212B225B00651492 /* Info.plist */ = {isa = PBXFileReference; lastKnownFileType = text.plist.xml; path = Info.plist; sourceTree = "<group>"; };
		9F1DA22E212B260600651492 /* TaskTableViewController.swift */ = {isa = PBXFileReference; lastKnownFileType = sourcecode.swift; path = TaskTableViewController.swift; sourceTree = "<group>"; };
		9F1DA230212B263F00651492 /* TaskDetailViewController.swift */ = {isa = PBXFileReference; lastKnownFileType = sourcecode.swift; path = TaskDetailViewController.swift; sourceTree = "<group>"; };
		9F1DA232212B269000651492 /* TaskController.swift */ = {isa = PBXFileReference; lastKnownFileType = sourcecode.swift; path = TaskController.swift; sourceTree = "<group>"; };
		9F1DA235212B26E700651492 /* Model.xcdatamodel */ = {isa = PBXFileReference; lastKnownFileType = wrapper.xcdatamodel; path = Model.xcdatamodel; sourceTree = "<group>"; };
		9F1DA237212B28E600651492 /* CoreDataStack.swift */ = {isa = PBXFileReference; lastKnownFileType = sourcecode.swift; path = CoreDataStack.swift; sourceTree = "<group>"; };
		9F1DA239212B32F100651492 /* Task+Convenience.swift */ = {isa = PBXFileReference; lastKnownFileType = sourcecode.swift; path = "Task+Convenience.swift"; sourceTree = "<group>"; };
		EBCFEA98215E1292006765AE /* Model 2.xcdatamodel */ = {isa = PBXFileReference; lastKnownFileType = wrapper.xcdatamodel; path = "Model 2.xcdatamodel"; sourceTree = "<group>"; };
/* End PBXFileReference section */

/* Begin PBXFrameworksBuildPhase section */
		9F1DA1F6212B225700651492 /* Frameworks */ = {
			isa = PBXFrameworksBuildPhase;
			buildActionMask = 2147483647;
			files = (
			);
			runOnlyForDeploymentPostprocessing = 0;
		};
		9F1DA20A212B225A00651492 /* Frameworks */ = {
			isa = PBXFrameworksBuildPhase;
			buildActionMask = 2147483647;
			files = (
			);
			runOnlyForDeploymentPostprocessing = 0;
		};
		9F1DA215212B225A00651492 /* Frameworks */ = {
			isa = PBXFrameworksBuildPhase;
			buildActionMask = 2147483647;
			files = (
			);
			runOnlyForDeploymentPostprocessing = 0;
		};
/* End PBXFrameworksBuildPhase section */

/* Begin PBXGroup section */
		9F1DA1F0212B225700651492 = {
			isa = PBXGroup;
			children = (
				9F1DA1FB212B225700651492 /* Tasks */,
				9F1DA210212B225A00651492 /* TasksTests */,
				9F1DA21B212B225B00651492 /* TasksUITests */,
				9F1DA1FA212B225700651492 /* Products */,
			);
			sourceTree = "<group>";
		};
		9F1DA1FA212B225700651492 /* Products */ = {
			isa = PBXGroup;
			children = (
				9F1DA1F9212B225700651492 /* Tasks.app */,
				9F1DA20D212B225A00651492 /* TasksTests.xctest */,
				9F1DA218212B225A00651492 /* TasksUITests.xctest */,
			);
			name = Products;
			sourceTree = "<group>";
		};
		9F1DA1FB212B225700651492 /* Tasks */ = {
			isa = PBXGroup;
			children = (
				9F1DA234212B26E700651492 /* Tasks.xcdatamodeld */,
				9F1DA22D212B25D800651492 /* View Controllers */,
				9F1DA22B212B25C100651492 /* Model Controller */,
				9F1DA22A212B25AE00651492 /* Model */,
				9F1DA1FC212B225700651492 /* AppDelegate.swift */,
				9F1DA200212B225800651492 /* Main.storyboard */,
				9F1DA203212B225A00651492 /* Assets.xcassets */,
				9F1DA205212B225A00651492 /* LaunchScreen.storyboard */,
				9F1DA208212B225A00651492 /* Info.plist */,
			);
			path = Tasks;
			sourceTree = "<group>";
		};
		9F1DA210212B225A00651492 /* TasksTests */ = {
			isa = PBXGroup;
			children = (
				9F1DA211212B225A00651492 /* TasksTests.swift */,
				9F1DA213212B225A00651492 /* Info.plist */,
			);
			path = TasksTests;
			sourceTree = "<group>";
		};
		9F1DA21B212B225B00651492 /* TasksUITests */ = {
			isa = PBXGroup;
			children = (
				9F1DA21C212B225B00651492 /* TasksUITests.swift */,
				9F1DA21E212B225B00651492 /* Info.plist */,
			);
			path = TasksUITests;
			sourceTree = "<group>";
		};
		9F1DA22A212B25AE00651492 /* Model */ = {
			isa = PBXGroup;
			children = (
				9F1DA237212B28E600651492 /* CoreDataStack.swift */,
				9F1DA239212B32F100651492 /* Task+Convenience.swift */,
			);
			path = Model;
			sourceTree = "<group>";
		};
		9F1DA22B212B25C100651492 /* Model Controller */ = {
			isa = PBXGroup;
			children = (
				9F1DA232212B269000651492 /* TaskController.swift */,
			);
			path = "Model Controller";
			sourceTree = "<group>";
		};
		9F1DA22D212B25D800651492 /* View Controllers */ = {
			isa = PBXGroup;
			children = (
				9F1DA22E212B260600651492 /* TaskTableViewController.swift */,
				9F1DA230212B263F00651492 /* TaskDetailViewController.swift */,
			);
			path = "View Controllers";
			sourceTree = "<group>";
		};
/* End PBXGroup section */

/* Begin PBXNativeTarget section */
		9F1DA1F8212B225700651492 /* Tasks */ = {
			isa = PBXNativeTarget;
			buildConfigurationList = 9F1DA221212B225B00651492 /* Build configuration list for PBXNativeTarget "Tasks" */;
			buildPhases = (
				9F1DA1F5212B225700651492 /* Sources */,
				9F1DA1F6212B225700651492 /* Frameworks */,
				9F1DA1F7212B225700651492 /* Resources */,
			);
			buildRules = (
			);
			dependencies = (
			);
			name = Tasks;
			productName = Tasks;
			productReference = 9F1DA1F9212B225700651492 /* Tasks.app */;
			productType = "com.apple.product-type.application";
		};
		9F1DA20C212B225A00651492 /* TasksTests */ = {
			isa = PBXNativeTarget;
			buildConfigurationList = 9F1DA224212B225B00651492 /* Build configuration list for PBXNativeTarget "TasksTests" */;
			buildPhases = (
				9F1DA209212B225A00651492 /* Sources */,
				9F1DA20A212B225A00651492 /* Frameworks */,
				9F1DA20B212B225A00651492 /* Resources */,
			);
			buildRules = (
			);
			dependencies = (
				9F1DA20F212B225A00651492 /* PBXTargetDependency */,
			);
			name = TasksTests;
			productName = TasksTests;
			productReference = 9F1DA20D212B225A00651492 /* TasksTests.xctest */;
			productType = "com.apple.product-type.bundle.unit-test";
		};
		9F1DA217212B225A00651492 /* TasksUITests */ = {
			isa = PBXNativeTarget;
			buildConfigurationList = 9F1DA227212B225B00651492 /* Build configuration list for PBXNativeTarget "TasksUITests" */;
			buildPhases = (
				9F1DA214212B225A00651492 /* Sources */,
				9F1DA215212B225A00651492 /* Frameworks */,
				9F1DA216212B225A00651492 /* Resources */,
			);
			buildRules = (
			);
			dependencies = (
				9F1DA21A212B225B00651492 /* PBXTargetDependency */,
			);
			name = TasksUITests;
			productName = TasksUITests;
			productReference = 9F1DA218212B225A00651492 /* TasksUITests.xctest */;
			productType = "com.apple.product-type.bundle.ui-testing";
		};
/* End PBXNativeTarget section */

/* Begin PBXProject section */
		9F1DA1F1212B225700651492 /* Project object */ = {
			isa = PBXProject;
			attributes = {
				LastSwiftUpdateCheck = 0940;
				LastUpgradeCheck = 0940;
				ORGANIZATIONNAME = iyin;
				TargetAttributes = {
					9F1DA1F8212B225700651492 = {
						CreatedOnToolsVersion = 9.4.1;
					};
					9F1DA20C212B225A00651492 = {
						CreatedOnToolsVersion = 9.4.1;
						TestTargetID = 9F1DA1F8212B225700651492;
					};
					9F1DA217212B225A00651492 = {
						CreatedOnToolsVersion = 9.4.1;
						TestTargetID = 9F1DA1F8212B225700651492;
					};
				};
			};
			buildConfigurationList = 9F1DA1F4212B225700651492 /* Build configuration list for PBXProject "Tasks" */;
			compatibilityVersion = "Xcode 9.3";
			developmentRegion = en;
			hasScannedForEncodings = 0;
			knownRegions = (
				en,
				Base,
			);
			mainGroup = 9F1DA1F0212B225700651492;
			productRefGroup = 9F1DA1FA212B225700651492 /* Products */;
			projectDirPath = "";
			projectRoot = "";
			targets = (
				9F1DA1F8212B225700651492 /* Tasks */,
				9F1DA20C212B225A00651492 /* TasksTests */,
				9F1DA217212B225A00651492 /* TasksUITests */,
			);
		};
/* End PBXProject section */

/* Begin PBXResourcesBuildPhase section */
		9F1DA1F7212B225700651492 /* Resources */ = {
			isa = PBXResourcesBuildPhase;
			buildActionMask = 2147483647;
			files = (
				9F1DA207212B225A00651492 /* LaunchScreen.storyboard in Resources */,
				9F1DA204212B225A00651492 /* Assets.xcassets in Resources */,
				9F1DA202212B225800651492 /* Main.storyboard in Resources */,
			);
			runOnlyForDeploymentPostprocessing = 0;
		};
		9F1DA20B212B225A00651492 /* Resources */ = {
			isa = PBXResourcesBuildPhase;
			buildActionMask = 2147483647;
			files = (
			);
			runOnlyForDeploymentPostprocessing = 0;
		};
		9F1DA216212B225A00651492 /* Resources */ = {
			isa = PBXResourcesBuildPhase;
			buildActionMask = 2147483647;
			files = (
			);
			runOnlyForDeploymentPostprocessing = 0;
		};
/* End PBXResourcesBuildPhase section */

/* Begin PBXSourcesBuildPhase section */
		9F1DA1F5212B225700651492 /* Sources */ = {
			isa = PBXSourcesBuildPhase;
			buildActionMask = 2147483647;
			files = (
				9F1DA238212B28E600651492 /* CoreDataStack.swift in Sources */,
				9F1DA22F212B260600651492 /* TaskTableViewController.swift in Sources */,
				9F1DA231212B263F00651492 /* TaskDetailViewController.swift in Sources */,
				9F1DA23A212B32F100651492 /* Task+Convenience.swift in Sources */,
				9F1DA233212B269000651492 /* TaskController.swift in Sources */,
				9F1DA1FD212B225700651492 /* AppDelegate.swift in Sources */,
				9F1DA236212B26E700651492 /* Tasks.xcdatamodeld in Sources */,
			);
			runOnlyForDeploymentPostprocessing = 0;
		};
		9F1DA209212B225A00651492 /* Sources */ = {
			isa = PBXSourcesBuildPhase;
			buildActionMask = 2147483647;
			files = (
				9F1DA212212B225A00651492 /* TasksTests.swift in Sources */,
			);
			runOnlyForDeploymentPostprocessing = 0;
		};
		9F1DA214212B225A00651492 /* Sources */ = {
			isa = PBXSourcesBuildPhase;
			buildActionMask = 2147483647;
			files = (
				9F1DA21D212B225B00651492 /* TasksUITests.swift in Sources */,
			);
			runOnlyForDeploymentPostprocessing = 0;
		};
/* End PBXSourcesBuildPhase section */

/* Begin PBXTargetDependency section */
		9F1DA20F212B225A00651492 /* PBXTargetDependency */ = {
			isa = PBXTargetDependency;
			target = 9F1DA1F8212B225700651492 /* Tasks */;
			targetProxy = 9F1DA20E212B225A00651492 /* PBXContainerItemProxy */;
		};
		9F1DA21A212B225B00651492 /* PBXTargetDependency */ = {
			isa = PBXTargetDependency;
			target = 9F1DA1F8212B225700651492 /* Tasks */;
			targetProxy = 9F1DA219212B225B00651492 /* PBXContainerItemProxy */;
		};
/* End PBXTargetDependency section */

/* Begin PBXVariantGroup section */
		9F1DA200212B225800651492 /* Main.storyboard */ = {
			isa = PBXVariantGroup;
			children = (
				9F1DA201212B225800651492 /* Base */,
			);
			name = Main.storyboard;
			sourceTree = "<group>";
		};
		9F1DA205212B225A00651492 /* LaunchScreen.storyboard */ = {
			isa = PBXVariantGroup;
			children = (
				9F1DA206212B225A00651492 /* Base */,
			);
			name = LaunchScreen.storyboard;
			sourceTree = "<group>";
		};
/* End PBXVariantGroup section */

/* Begin XCBuildConfiguration section */
		9F1DA21F212B225B00651492 /* Debug */ = {
			isa = XCBuildConfiguration;
			buildSettings = {
				ALWAYS_SEARCH_USER_PATHS = NO;
				CLANG_ANALYZER_NONNULL = YES;
				CLANG_ANALYZER_NUMBER_OBJECT_CONVERSION = YES_AGGRESSIVE;
				CLANG_CXX_LANGUAGE_STANDARD = "gnu++14";
				CLANG_CXX_LIBRARY = "libc++";
				CLANG_ENABLE_MODULES = YES;
				CLANG_ENABLE_OBJC_ARC = YES;
				CLANG_ENABLE_OBJC_WEAK = YES;
				CLANG_WARN_BLOCK_CAPTURE_AUTORELEASING = YES;
				CLANG_WARN_BOOL_CONVERSION = YES;
				CLANG_WARN_COMMA = YES;
				CLANG_WARN_CONSTANT_CONVERSION = YES;
				CLANG_WARN_DEPRECATED_OBJC_IMPLEMENTATIONS = YES;
				CLANG_WARN_DIRECT_OBJC_ISA_USAGE = YES_ERROR;
				CLANG_WARN_DOCUMENTATION_COMMENTS = YES;
				CLANG_WARN_EMPTY_BODY = YES;
				CLANG_WARN_ENUM_CONVERSION = YES;
				CLANG_WARN_INFINITE_RECURSION = YES;
				CLANG_WARN_INT_CONVERSION = YES;
				CLANG_WARN_NON_LITERAL_NULL_CONVERSION = YES;
				CLANG_WARN_OBJC_IMPLICIT_RETAIN_SELF = YES;
				CLANG_WARN_OBJC_LITERAL_CONVERSION = YES;
				CLANG_WARN_OBJC_ROOT_CLASS = YES_ERROR;
				CLANG_WARN_RANGE_LOOP_ANALYSIS = YES;
				CLANG_WARN_STRICT_PROTOTYPES = YES;
				CLANG_WARN_SUSPICIOUS_MOVE = YES;
				CLANG_WARN_UNGUARDED_AVAILABILITY = YES_AGGRESSIVE;
				CLANG_WARN_UNREACHABLE_CODE = YES;
				CLANG_WARN__DUPLICATE_METHOD_MATCH = YES;
				CODE_SIGN_IDENTITY = "iPhone Developer";
				COPY_PHASE_STRIP = NO;
				DEBUG_INFORMATION_FORMAT = dwarf;
				ENABLE_STRICT_OBJC_MSGSEND = YES;
				ENABLE_TESTABILITY = YES;
				GCC_C_LANGUAGE_STANDARD = gnu11;
				GCC_DYNAMIC_NO_PIC = NO;
				GCC_NO_COMMON_BLOCKS = YES;
				GCC_OPTIMIZATION_LEVEL = 0;
				GCC_PREPROCESSOR_DEFINITIONS = (
					"DEBUG=1",
					"$(inherited)",
				);
				GCC_WARN_64_TO_32_BIT_CONVERSION = YES;
				GCC_WARN_ABOUT_RETURN_TYPE = YES_ERROR;
				GCC_WARN_UNDECLARED_SELECTOR = YES;
				GCC_WARN_UNINITIALIZED_AUTOS = YES_AGGRESSIVE;
				GCC_WARN_UNUSED_FUNCTION = YES;
				GCC_WARN_UNUSED_VARIABLE = YES;
				IPHONEOS_DEPLOYMENT_TARGET = 11.4;
				MTL_ENABLE_DEBUG_INFO = YES;
				ONLY_ACTIVE_ARCH = YES;
				SDKROOT = iphoneos;
				SWIFT_ACTIVE_COMPILATION_CONDITIONS = DEBUG;
				SWIFT_OPTIMIZATION_LEVEL = "-Onone";
			};
			name = Debug;
		};
		9F1DA220212B225B00651492 /* Release */ = {
			isa = XCBuildConfiguration;
			buildSettings = {
				ALWAYS_SEARCH_USER_PATHS = NO;
				CLANG_ANALYZER_NONNULL = YES;
				CLANG_ANALYZER_NUMBER_OBJECT_CONVERSION = YES_AGGRESSIVE;
				CLANG_CXX_LANGUAGE_STANDARD = "gnu++14";
				CLANG_CXX_LIBRARY = "libc++";
				CLANG_ENABLE_MODULES = YES;
				CLANG_ENABLE_OBJC_ARC = YES;
				CLANG_ENABLE_OBJC_WEAK = YES;
				CLANG_WARN_BLOCK_CAPTURE_AUTORELEASING = YES;
				CLANG_WARN_BOOL_CONVERSION = YES;
				CLANG_WARN_COMMA = YES;
				CLANG_WARN_CONSTANT_CONVERSION = YES;
				CLANG_WARN_DEPRECATED_OBJC_IMPLEMENTATIONS = YES;
				CLANG_WARN_DIRECT_OBJC_ISA_USAGE = YES_ERROR;
				CLANG_WARN_DOCUMENTATION_COMMENTS = YES;
				CLANG_WARN_EMPTY_BODY = YES;
				CLANG_WARN_ENUM_CONVERSION = YES;
				CLANG_WARN_INFINITE_RECURSION = YES;
				CLANG_WARN_INT_CONVERSION = YES;
				CLANG_WARN_NON_LITERAL_NULL_CONVERSION = YES;
				CLANG_WARN_OBJC_IMPLICIT_RETAIN_SELF = YES;
				CLANG_WARN_OBJC_LITERAL_CONVERSION = YES;
				CLANG_WARN_OBJC_ROOT_CLASS = YES_ERROR;
				CLANG_WARN_RANGE_LOOP_ANALYSIS = YES;
				CLANG_WARN_STRICT_PROTOTYPES = YES;
				CLANG_WARN_SUSPICIOUS_MOVE = YES;
				CLANG_WARN_UNGUARDED_AVAILABILITY = YES_AGGRESSIVE;
				CLANG_WARN_UNREACHABLE_CODE = YES;
				CLANG_WARN__DUPLICATE_METHOD_MATCH = YES;
				CODE_SIGN_IDENTITY = "iPhone Developer";
				COPY_PHASE_STRIP = NO;
				DEBUG_INFORMATION_FORMAT = "dwarf-with-dsym";
				ENABLE_NS_ASSERTIONS = NO;
				ENABLE_STRICT_OBJC_MSGSEND = YES;
				GCC_C_LANGUAGE_STANDARD = gnu11;
				GCC_NO_COMMON_BLOCKS = YES;
				GCC_WARN_64_TO_32_BIT_CONVERSION = YES;
				GCC_WARN_ABOUT_RETURN_TYPE = YES_ERROR;
				GCC_WARN_UNDECLARED_SELECTOR = YES;
				GCC_WARN_UNINITIALIZED_AUTOS = YES_AGGRESSIVE;
				GCC_WARN_UNUSED_FUNCTION = YES;
				GCC_WARN_UNUSED_VARIABLE = YES;
				IPHONEOS_DEPLOYMENT_TARGET = 11.4;
				MTL_ENABLE_DEBUG_INFO = NO;
				SDKROOT = iphoneos;
				SWIFT_COMPILATION_MODE = wholemodule;
				SWIFT_OPTIMIZATION_LEVEL = "-O";
				VALIDATE_PRODUCT = YES;
			};
			name = Release;
		};
		9F1DA222212B225B00651492 /* Debug */ = {
			isa = XCBuildConfiguration;
			buildSettings = {
				ASSETCATALOG_COMPILER_APPICON_NAME = AppIcon;
				CODE_SIGN_STYLE = Automatic;
				INFOPLIST_FILE = Tasks/Info.plist;
				LD_RUNPATH_SEARCH_PATHS = (
					"$(inherited)",
					"@executable_path/Frameworks",
				);
				PRODUCT_BUNDLE_IDENTIFIER = com.iyin.Tasks;
				PRODUCT_NAME = "$(TARGET_NAME)";
				SWIFT_VERSION = 4.0;
				TARGETED_DEVICE_FAMILY = "1,2";
			};
			name = Debug;
		};
		9F1DA223212B225B00651492 /* Release */ = {
			isa = XCBuildConfiguration;
			buildSettings = {
				ASSETCATALOG_COMPILER_APPICON_NAME = AppIcon;
				CODE_SIGN_STYLE = Automatic;
				INFOPLIST_FILE = Tasks/Info.plist;
				LD_RUNPATH_SEARCH_PATHS = (
					"$(inherited)",
					"@executable_path/Frameworks",
				);
				PRODUCT_BUNDLE_IDENTIFIER = com.iyin.Tasks;
				PRODUCT_NAME = "$(TARGET_NAME)";
				SWIFT_VERSION = 4.0;
				TARGETED_DEVICE_FAMILY = "1,2";
			};
			name = Release;
		};
		9F1DA225212B225B00651492 /* Debug */ = {
			isa = XCBuildConfiguration;
			buildSettings = {
				ALWAYS_EMBED_SWIFT_STANDARD_LIBRARIES = YES;
				BUNDLE_LOADER = "$(TEST_HOST)";
				CODE_SIGN_STYLE = Automatic;
				INFOPLIST_FILE = TasksTests/Info.plist;
				LD_RUNPATH_SEARCH_PATHS = (
					"$(inherited)",
					"@executable_path/Frameworks",
					"@loader_path/Frameworks",
				);
				PRODUCT_BUNDLE_IDENTIFIER = com.iyin.TasksTests;
				PRODUCT_NAME = "$(TARGET_NAME)";
				SWIFT_VERSION = 4.0;
				TARGETED_DEVICE_FAMILY = "1,2";
				TEST_HOST = "$(BUILT_PRODUCTS_DIR)/Tasks.app/Tasks";
			};
			name = Debug;
		};
		9F1DA226212B225B00651492 /* Release */ = {
			isa = XCBuildConfiguration;
			buildSettings = {
				ALWAYS_EMBED_SWIFT_STANDARD_LIBRARIES = YES;
				BUNDLE_LOADER = "$(TEST_HOST)";
				CODE_SIGN_STYLE = Automatic;
				INFOPLIST_FILE = TasksTests/Info.plist;
				LD_RUNPATH_SEARCH_PATHS = (
					"$(inherited)",
					"@executable_path/Frameworks",
					"@loader_path/Frameworks",
				);
				PRODUCT_BUNDLE_IDENTIFIER = com.iyin.TasksTests;
				PRODUCT_NAME = "$(TARGET_NAME)";
				SWIFT_VERSION = 4.0;
				TARGETED_DEVICE_FAMILY = "1,2";
				TEST_HOST = "$(BUILT_PRODUCTS_DIR)/Tasks.app/Tasks";
			};
			name = Release;
		};
		9F1DA228212B225B00651492 /* Debug */ = {
			isa = XCBuildConfiguration;
			buildSettings = {
				ALWAYS_EMBED_SWIFT_STANDARD_LIBRARIES = YES;
				CODE_SIGN_STYLE = Automatic;
				INFOPLIST_FILE = TasksUITests/Info.plist;
				LD_RUNPATH_SEARCH_PATHS = (
					"$(inherited)",
					"@executable_path/Frameworks",
					"@loader_path/Frameworks",
				);
				PRODUCT_BUNDLE_IDENTIFIER = com.iyin.TasksUITests;
				PRODUCT_NAME = "$(TARGET_NAME)";
				SWIFT_VERSION = 4.0;
				TARGETED_DEVICE_FAMILY = "1,2";
				TEST_TARGET_NAME = Tasks;
			};
			name = Debug;
		};
		9F1DA229212B225B00651492 /* Release */ = {
			isa = XCBuildConfiguration;
			buildSettings = {
				ALWAYS_EMBED_SWIFT_STANDARD_LIBRARIES = YES;
				CODE_SIGN_STYLE = Automatic;
				INFOPLIST_FILE = TasksUITests/Info.plist;
				LD_RUNPATH_SEARCH_PATHS = (
					"$(inherited)",
					"@executable_path/Frameworks",
					"@loader_path/Frameworks",
				);
				PRODUCT_BUNDLE_IDENTIFIER = com.iyin.TasksUITests;
				PRODUCT_NAME = "$(TARGET_NAME)";
				SWIFT_VERSION = 4.0;
				TARGETED_DEVICE_FAMILY = "1,2";
				TEST_TARGET_NAME = Tasks;
			};
			name = Release;
		};
/* End XCBuildConfiguration section */

/* Begin XCConfigurationList section */
		9F1DA1F4212B225700651492 /* Build configuration list for PBXProject "Tasks" */ = {
			isa = XCConfigurationList;
			buildConfigurations = (
				9F1DA21F212B225B00651492 /* Debug */,
				9F1DA220212B225B00651492 /* Release */,
			);
			defaultConfigurationIsVisible = 0;
			defaultConfigurationName = Release;
		};
		9F1DA221212B225B00651492 /* Build configuration list for PBXNativeTarget "Tasks" */ = {
			isa = XCConfigurationList;
			buildConfigurations = (
				9F1DA222212B225B00651492 /* Debug */,
				9F1DA223212B225B00651492 /* Release */,
			);
			defaultConfigurationIsVisible = 0;
			defaultConfigurationName = Release;
		};
		9F1DA224212B225B00651492 /* Build configuration list for PBXNativeTarget "TasksTests" */ = {
			isa = XCConfigurationList;
			buildConfigurations = (
				9F1DA225212B225B00651492 /* Debug */,
				9F1DA226212B225B00651492 /* Release */,
			);
			defaultConfigurationIsVisible = 0;
			defaultConfigurationName = Release;
		};
		9F1DA227212B225B00651492 /* Build configuration list for PBXNativeTarget "TasksUITests" */ = {
			isa = XCConfigurationList;
			buildConfigurations = (
				9F1DA228212B225B00651492 /* Debug */,
				9F1DA229212B225B00651492 /* Release */,
			);
			defaultConfigurationIsVisible = 0;
			defaultConfigurationName = Release;
		};
/* End XCConfigurationList section */

/* Begin XCVersionGroup section */
		9F1DA234212B26E700651492 /* Tasks.xcdatamodeld */ = {
			isa = XCVersionGroup;
			children = (
				EBCFEA98215E1292006765AE /* Model 2.xcdatamodel */,
				9F1DA235212B26E700651492 /* Model.xcdatamodel */,
			);
			currentVersion = EBCFEA98215E1292006765AE /* Model 2.xcdatamodel */;
			path = Tasks.xcdatamodeld;
			sourceTree = "<group>";
			versionGroupType = wrapper.xcdatamodel;
		};
/* End XCVersionGroup section */
	};
	rootObject = 9F1DA1F1212B225700651492 /* Project object */;
}
